
Microsoft Visual Studio Solution File, Format Version 12.00
# Visual Studio Version 17
VisualStudioVersion = 17.4.33205.214
MinimumVisualStudioVersion = 10.0.40219.1
Project("{9A19103F-16F7-4668-BE54-9A1E7A4F7556}") = "Week2", "Week2\Week2.csproj", "{7B22DCB6-85F9-4273-B16E-9EA4CF2BE511}"
EndProject
Project("{9A19103F-16F7-4668-BE54-9A1E7A4F7556}") = "UserGenderValidation", "UserAgeValidation\UserGenderValidation.csproj", "{8B23018E-9F15-4347-AD8B-8722C3D08B36}"
EndProject
Project("{FAE04EC0-301F-11D3-BF4B-00C04F79EFBC}") = "UserAgeValidation2", "UserAgeValidation2\UserAgeValidation2.csproj", "{F81EA72B-BAA0-4634-B0B6-831E0C57345D}"
EndProject
Global
	GlobalSection(SolutionConfigurationPlatforms) = preSolution
		Debug|Any CPU = Debug|Any CPU
		Release|Any CPU = Release|Any CPU
	EndGlobalSection
	GlobalSection(ProjectConfigurationPlatforms) = postSolution
		{7B22DCB6-85F9-4273-B16E-9EA4CF2BE511}.Debug|Any CPU.ActiveCfg = Debug|Any CPU
		{7B22DCB6-85F9-4273-B16E-9EA4CF2BE511}.Debug|Any CPU.Build.0 = Debug|Any CPU
		{7B22DCB6-85F9-4273-B16E-9EA4CF2BE511}.Release|Any CPU.ActiveCfg = Release|Any CPU
		{7B22DCB6-85F9-4273-B16E-9EA4CF2BE511}.Release|Any CPU.Build.0 = Release|Any CPU
		{8B23018E-9F15-4347-AD8B-8722C3D08B36}.Debug|Any CPU.ActiveCfg = Debug|Any CPU
		{8B23018E-9F15-4347-AD8B-8722C3D08B36}.Debug|Any CPU.Build.0 = Debug|Any CPU
		{8B23018E-9F15-4347-AD8B-8722C3D08B36}.Release|Any CPU.ActiveCfg = Release|Any CPU
		{8B23018E-9F15-4347-AD8B-8722C3D08B36}.Release|Any CPU.Build.0 = Release|Any CPU
		{F81EA72B-BAA0-4634-B0B6-831E0C57345D}.Debug|Any CPU.ActiveCfg = Debug|Any CPU
		{F81EA72B-BAA0-4634-B0B6-831E0C57345D}.Debug|Any CPU.Build.0 = Debug|Any CPU
		{F81EA72B-BAA0-4634-B0B6-831E0C57345D}.Release|Any CPU.ActiveCfg = Release|Any CPU
		{F81EA72B-BAA0-4634-B0B6-831E0C57345D}.Release|Any CPU.Build.0 = Release|Any CPU
	EndGlobalSection
	GlobalSection(SolutionProperties) = preSolution
		HideSolutionNode = FALSE
	EndGlobalSection
	GlobalSection(ExtensibilityGlobals) = postSolution
		SolutionGuid = {1C5541FE-AABD-4160-A0B5-BD6DE372BAF8}
	EndGlobalSection
EndGlobal
